{
  "originHash" : "959169d138ec0e2fb547295f63339ca8abf25922aa1d3e3c37d3a8b51ac6abc7",
  "pins" : [
    {
      "identity" : "purchases-hybrid-common",
      "kind" : "remoteSourceControl",
      "location" : "https://github.com/RevenueCat/purchases-hybrid-common",
      "state" : {
        "revision" : "43520c7a75904f60c18c5444b50909666d3067da",
        "version" : "17.41.0"
      }
    },
    {
      "identity" : "purchases-ios-spm",
      "kind" : "remoteSourceControl",
      "location" : "https://github.com/RevenueCat/purchases-ios-spm",
      "state" : {
        "revision" : "828a464d12ff8fe4f633ef1b0116e76fd2a1e462",
        "version" : "5.59.2"
      }
    }
  ],
  "version" : 3
}
